<Solution>
  <Project Path="D:/programms/Practica_CS/Day_6/Task1/Task1.csproj" />
  <Project Path="D:/programms/Practica_CS/Day_6/Task2/Task2.csproj" />
  <Project Path="Task3/Task3.csproj" Id="04bea81e-c469-42ca-9c9c-79b39d5da4b9" />
  <Project Path="Task4/Task4.csproj" Id="8bed5a37-c761-46d1-88a2-29fd35113b2d" />
</Solution>
